github.com/gurusabarish/hugo-profile v0.0.0-20250216102448-1fb40fd0994c h1:eS0p7yY8LqJiXeq/GhDcfM+US4vG87Y20ciuXlfZccM=
github.com/gurusabarish/hugo-profile v0.0.0-20250216102448-1fb40fd0994c/go.mod h1:drpVx8hmKaH1c5qiGjGFQ6FU+I1C6ygS/U7AB5nMH44=
github.com/zetxek/adritian-free-hugo-theme v1.7.6 h1:F0y55IwlplHPENCnE3/s8SAgwDcytxb/cslMXzA7Xxo=
github.com/zetxek/adritian-free-hugo-theme v1.7.6/go.mod h1:RZxMuUPx+AJwqABiHDQWSVEskypgZCqZ0MwOgCvA6o0=
